// !$*UTF8*$!
{
	archiveVersion = 1;
	classes = {
	};
	objectVersion = 77;
	objects = {

/* Begin PBXContainerItemProxy section */
		4E2D03DF2D4DD2DE001E3C0C /* PBXContainerItemProxy */ = {
			isa = PBXContainerItemProxy;
			containerPortal = 4E2D03C12D4DD2DC001E3C0C /* Project object */;
			proxyType = 1;
			remoteGlobalIDString = 4E2D03C82D4DD2DC001E3C0C;
			remoteInfo = GoldenCount;
		};
		4E2D03E92D4DD2DE001E3C0C /* PBXContainerItemProxy */ = {
			isa = PBXContainerItemProxy;
			containerPortal = 4E2D03C12D4DD2DC001E3C0C /* Project object */;
			proxyType = 1;
			remoteGlobalIDString = 4E2D03C82D4DD2DC001E3C0C;
			remoteInfo = GoldenCount;
		};
/* End PBXContainerItemProxy section */

/* Begin PBXFileReference section */
		4E2D03C92D4DD2DC001E3C0C /* GoldenCount.app */ = {isa = PBXFileReference; explicitFileType = wrapper.application; includeInIndex = 0; path = GoldenCount.app; sourceTree = BUILT_PRODUCTS_DIR; };
		4E2D03DE2D4DD2DE001E3C0C /* GoldenCountTests.xctest */ = {isa = PBXFileReference; explicitFileType = wrapper.cfbundle; includeInIndex = 0; path = GoldenCountTests.xctest; sourceTree = BUILT_PRODUCTS_DIR; };
		4E2D03E82D4DD2DE001E3C0C /* GoldenCountUITests.xctest */ = {isa = PBXFileReference; explicitFileType = wrapper.cfbundle; includeInIndex = 0; path = GoldenCountUITests.xctest; sourceTree = BUILT_PRODUCTS_DIR; };
/* End PBXFileReference section */

/* Begin PBXFileSystemSynchronizedRootGroup section */
		4E2D03CB2D4DD2DC001E3C0C /* GoldenCount */ = {
			isa = PBXFileSystemSynchronizedRootGroup;
			path = GoldenCount;
			sourceTree = "<group>";
		};
		4E2D03E12D4DD2DE001E3C0C /* GoldenCountTests */ = {
			isa = PBXFileSystemSynchronizedRootGroup;
			path = GoldenCountTests;
			sourceTree = "<group>";
		};
		4E2D03EB2D4DD2DE001E3C0C /* GoldenCountUITests */ = {
			isa = PBXFileSystemSynchronizedRootGroup;
			path = GoldenCountUITests;
			sourceTree = "<group>";
		};
/* End PBXFileSystemSynchronizedRootGroup section */

/* Begin PBXFrameworksBuildPhase section */
		4E2D03C62D4DD2DC001E3C0C /* Frameworks */ = {
			isa = PBXFrameworksBuildPhase;
			buildActionMask = 2147483647;
			files = (
			);
			runOnlyForDeploymentPostprocessing = 0;
		};
		4E2D03DB2D4DD2DE001E3C0C /* Frameworks */ = {
			isa = PBXFrameworksBuildPhase;
			buildActionMask = 2147483647;
			files = (
			);
			runOnlyForDeploymentPostprocessing = 0;
		};
		4E2D03E52D4DD2DE001E3C0C /* Frameworks */ = {
			isa = PBXFrameworksBuildPhase;
			buildActionMask = 2147483647;
			files = (
			);
			runOnlyForDeploymentPostprocessing = 0;
		};
/* End PBXFrameworksBuildPhase section */

/* Begin PBXGroup section */
		4E2D03C02D4DD2DC001E3C0C = {
			isa = PBXGroup;
			children = (
				4E2D03CB2D4DD2DC001E3C0C /* GoldenCount */,
				4E2D03E12D4DD2DE001E3C0C /* GoldenCountTests */,
				4E2D03EB2D4DD2DE001E3C0C /* GoldenCountUITests */,
				4E2D03CA2D4DD2DC001E3C0C /* Products */,
			);
			sourceTree = "<group>";
		};
		4E2D03CA2D4DD2DC001E3C0C /* Products */ = {
			isa = PBXGroup;
			children = (
				4E2D03C92D4DD2DC001E3C0C /* GoldenCount.app */,
				4E2D03DE2D4DD2DE001E3C0C /* GoldenCountTests.xctest */,
				4E2D03E82D4DD2DE001E3C0C /* GoldenCountUITests.xctest */,
			);
			name = Products;
			sourceTree = "<group>";
		};
/* End PBXGroup section */

/* Begin PBXNativeTarget section */
		4E2D03C82D4DD2DC001E3C0C /* GoldenCount */ = {
			isa = PBXNativeTarget;
			buildConfigurationList = 4E2D03F22D4DD2DE001E3C0C /* Build configuration list for PBXNativeTarget "GoldenCount" */;
			buildPhases = (
				4E2D03C52D4DD2DC001E3C0C /* Sources */,
				4E2D03C62D4DD2DC001E3C0C /* Frameworks */,
				4E2D03C72D4DD2DC001E3C0C /* Resources */,
			);
			buildRules = (
			);
			dependencies = (
			);
			fileSystemSynchronizedGroups = (
				4E2D03CB2D4DD2DC001E3C0C /* GoldenCount */,
			);
			name = GoldenCount;
			packageProductDependencies = (
			);
			productName = GoldenCount;
			productReference = 4E2D03C92D4DD2DC001E3C0C /* GoldenCount.app */;
			productType = "com.apple.product-type.application";
		};
		4E2D03DD2D4DD2DE001E3C0C /* GoldenCountTests */ = {
			isa = PBXNativeTarget;
			buildConfigurationList = 4E2D03F52D4DD2DE001E3C0C /* Build configuration list for PBXNativeTarget "GoldenCountTests" */;
			buildPhases = (
				4E2D03DA2D4DD2DE001E3C0C /* Sources */,
				4E2D03DB2D4DD2DE001E3C0C /* Frameworks */,
				4E2D03DC2D4DD2DE001E3C0C /* Resources */,
			);
			buildRules = (
			);
			dependencies = (
				4E2D03E02D4DD2DE001E3C0C /* PBXTargetDependency */,
			);
			fileSystemSynchronizedGroups = (
				4E2D03E12D4DD2DE001E3C0C /* GoldenCountTests */,
			);
			name = GoldenCountTests;
			packageProductDependencies = (
			);
			productName = GoldenCountTests;
			productReference = 4E2D03DE2D4DD2DE001E3C0C /* GoldenCountTests.xctest */;
			productType = "com.apple.product-type.bundle.unit-test";
		};
		4E2D03E72D4DD2DE001E3C0C /* GoldenCountUITests */ = {
			isa = PBXNativeTarget;
			buildConfigurationList = 4E2D03F82D4DD2DE001E3C0C /* Build configuration list for PBXNativeTarget "GoldenCountUITests" */;
			buildPhases = (
				4E2D03E42D4DD2DE001E3C0C /* Sources */,
				4E2D03E52D4DD2DE001E3C0C /* Frameworks */,
				4E2D03E62D4DD2DE001E3C0C /* Resources */,
			);
			buildRules = (
			);
			dependencies = (
				4E2D03EA2D4DD2DE001E3C0C /* PBXTargetDependency */,
			);
			fileSystemSynchronizedGroups = (
				4E2D03EB2D4DD2DE001E3C0C /* GoldenCountUITests */,
			);
			name = GoldenCountUITests;
			packageProductDependencies = (
			);
			productName = GoldenCountUITests;
			productReference = 4E2D03E82D4DD2DE001E3C0C /* GoldenCountUITests.xctest */;
			productType = "com.apple.product-type.bundle.ui-testing";
		};
/* End PBXNativeTarget section */

/* Begin PBXProject section */
		4E2D03C12D4DD2DC001E3C0C /* Project object */ = {
			isa = PBXProject;
			attributes = {
				BuildIndependentTargetsInParallel = 1;
				LastSwiftUpdateCheck = 1620;
				LastUpgradeCheck = 1620;
				TargetAttributes = {
					4E2D03C82D4DD2DC001E3C0C = {
						CreatedOnToolsVersion = 16.2;
					};
					4E2D03DD2D4DD2DE001E3C0C = {
						CreatedOnToolsVersion = 16.2;
						TestTargetID = 4E2D03C82D4DD2DC001E3C0C;
					};
					4E2D03E72D4DD2DE001E3C0C = {
						CreatedOnToolsVersion = 16.2;
						TestTargetID = 4E2D03C82D4DD2DC001E3C0C;
					};
				};
			};
			buildConfigurationList = 4E2D03C42D4DD2DC001E3C0C /* Build configuration list for PBXProject "GoldenCount" */;
			developmentRegion = en;
			hasScannedForEncodings = 0;
			knownRegions = (
				en,
				Base,
			);
			mainGroup = 4E2D03C02D4DD2DC001E3C0C;
			minimizedProjectReferenceProxies = 1;
			preferredProjectObjectVersion = 77;
			productRefGroup = 4E2D03CA2D4DD2DC001E3C0C /* Products */;
			projectDirPath = "";
			projectRoot = "";
			targets = (
				4E2D03C82D4DD2DC001E3C0C /* GoldenCount */,
				4E2D03DD2D4DD2DE001E3C0C /* GoldenCountTests */,
				4E2D03E72D4DD2DE001E3C0C /* GoldenCountUITests */,
			);
		};
/* End PBXProject section */

/* Begin PBXResourcesBuildPhase section */
		4E2D03C72D4DD2DC001E3C0C /* Resources */ = {
			isa = PBXResourcesBuildPhase;
			buildActionMask = 2147483647;
			files = (
			);
			runOnlyForDeploymentPostprocessing = 0;
		};
		4E2D03DC2D4DD2DE001E3C0C /* Resources */ = {
			isa = PBXResourcesBuildPhase;
			buildActionMask = 2147483647;
			files = (
			);
			runOnlyForDeploymentPostprocessing = 0;
		};
		4E2D03E62D4DD2DE001E3C0C /* Resources */ = {
			isa = PBXResourcesBuildPhase;
			buildActionMask = 2147483647;
			files = (
			);
			runOnlyForDeploymentPostprocessing = 0;
		};
/* End PBXResourcesBuildPhase section */

/* Begin PBXSourcesBuildPhase section */
		4E2D03C52D4DD2DC001E3C0C /* Sources */ = {
			isa = PBXSourcesBuildPhase;
			buildActionMask = 2147483647;
			files = (
			);
			runOnlyForDeploymentPostprocessing = 0;
		};
		4E2D03DA2D4DD2DE001E3C0C /* Sources */ = {
			isa = PBXSourcesBuildPhase;
			buildActionMask = 2147483647;
			files = (
			);
			runOnlyForDeploymentPostprocessing = 0;
		};
		4E2D03E42D4DD2DE001E3C0C /* Sources */ = {
			isa = PBXSourcesBuildPhase;
			buildActionMask = 2147483647;
			files = (
			);
			runOnlyForDeploymentPostprocessing = 0;
		};
/* End PBXSourcesBuildPhase section */

/* Begin PBXTargetDependency section */
		4E2D03E02D4DD2DE001E3C0C /* PBXTargetDependency */ = {
			isa = PBXTargetDependency;
			target = 4E2D03C82D4DD2DC001E3C0C /* GoldenCount */;
			targetProxy = 4E2D03DF2D4DD2DE001E3C0C /* PBXContainerItemProxy */;
		};
		4E2D03EA2D4DD2DE001E3C0C /* PBXTargetDependency */ = {
			isa = PBXTargetDependency;
			target = 4E2D03C82D4DD2DC001E3C0C /* GoldenCount */;
			targetProxy = 4E2D03E92D4DD2DE001E3C0C /* PBXContainerItemProxy */;
		};
/* End PBXTargetDependency section */

/* Begin XCBuildConfiguration section */
		4E2D03F02D4DD2DE001E3C0C /* Debug */ = {
			isa = XCBuildConfiguration;
			buildSettings = {
				ALWAYS_SEARCH_USER_PATHS = NO;
				ASSETCATALOG_COMPILER_GENERATE_SWIFT_ASSET_SYMBOL_EXTENSIONS = YES;
				CLANG_ANALYZER_NONNULL = YES;
				CLANG_ANALYZER_NUMBER_OBJECT_CONVERSION = YES_AGGRESSIVE;
				CLANG_CXX_LANGUAGE_STANDARD = "gnu++20";
				CLANG_ENABLE_MODULES = YES;
				CLANG_ENABLE_OBJC_ARC = YES;
				CLANG_ENABLE_OBJC_WEAK = YES;
				CLANG_WARN_BLOCK_CAPTURE_AUTORELEASING = YES;
				CLANG_WARN_BOOL_CONVERSION = YES;
				CLANG_WARN_COMMA = YES;
				CLANG_WARN_CONSTANT_CONVERSION = YES;
				CLANG_WARN_DEPRECATED_OBJC_IMPLEMENTATIONS = YES;
				CLANG_WARN_DIRECT_OBJC_ISA_USAGE = YES_ERROR;
				CLANG_WARN_DOCUMENTATION_COMMENTS = YES;
				CLANG_WARN_EMPTY_BODY = YES;
				CLANG_WARN_ENUM_CONVERSION = YES;
				CLANG_WARN_INFINITE_RECURSION = YES;
				CLANG_WARN_INT_CONVERSION = YES;
				CLANG_WARN_NON_LITERAL_NULL_CONVERSION = YES;
				CLANG_WARN_OBJC_IMPLICIT_RETAIN_SELF = YES;
				CLANG_WARN_OBJC_LITERAL_CONVERSION = YES;
				CLANG_WARN_OBJC_ROOT_CLASS = YES_ERROR;
				CLANG_WARN_QUOTED_INCLUDE_IN_FRAMEWORK_HEADER = YES;
				CLANG_WARN_RANGE_LOOP_ANALYSIS = YES;
				CLANG_WARN_STRICT_PROTOTYPES = YES;
				CLANG_WARN_SUSPICIOUS_MOVE = YES;
				CLANG_WARN_UNGUARDED_AVAILABILITY = YES_AGGRESSIVE;
				CLANG_WARN_UNREACHABLE_CODE = YES;
				CLANG_WARN__DUPLICATE_METHOD_MATCH = YES;
				COPY_PHASE_STRIP = NO;
				DEBUG_INFORMATION_FORMAT = dwarf;
				ENABLE_STRICT_OBJC_MSGSEND = YES;
				ENABLE_TESTABILITY = YES;
				ENABLE_USER_SCRIPT_SANDBOXING = YES;
				GCC_C_LANGUAGE_STANDARD = gnu17;
				GCC_DYNAMIC_NO_PIC = NO;
				GCC_NO_COMMON_BLOCKS = YES;
				GCC_OPTIMIZATION_LEVEL = 0;
				GCC_PREPROCESSOR_DEFINITIONS = (
					"DEBUG=1",
					"$(inherited)",
				);
				GCC_WARN_64_TO_32_BIT_CONVERSION = YES;
				GCC_WARN_ABOUT_RETURN_TYPE = YES_ERROR;
				GCC_WARN_UNDECLARED_SELECTOR = YES;
				GCC_WARN_UNINITIALIZED_AUTOS = YES_AGGRESSIVE;
				GCC_WARN_UNUSED_FUNCTION = YES;
				GCC_WARN_UNUSED_VARIABLE = YES;
				IPHONEOS_DEPLOYMENT_TARGET = 18.2;
				LOCALIZATION_PREFERS_STRING_CATALOGS = YES;
				MTL_ENABLE_DEBUG_INFO = INCLUDE_SOURCE;
				MTL_FAST_MATH = YES;
				ONLY_ACTIVE_ARCH = YES;
				SDKROOT = iphoneos;
				SWIFT_ACTIVE_COMPILATION_CONDITIONS = "DEBUG $(inherited)";
				SWIFT_OPTIMIZATION_LEVEL = "-Onone";
			};
			name = Debug;
		};
		4E2D03F12D4DD2DE001E3C0C /* Release */ = {
			isa = XCBuildConfiguration;
			buildSettings = {
				ALWAYS_SEARCH_USER_PATHS = NO;
				ASSETCATALOG_COMPILER_GENERATE_SWIFT_ASSET_SYMBOL_EXTENSIONS = YES;
				CLANG_ANALYZER_NONNULL = YES;
				CLANG_ANALYZER_NUMBER_OBJECT_CONVERSION = YES_AGGRESSIVE;
				CLANG_CXX_LANGUAGE_STANDARD = "gnu++20";
				CLANG_ENABLE_MODULES = YES;
				CLANG_ENABLE_OBJC_ARC = YES;
				CLANG_ENABLE_OBJC_WEAK = YES;
				CLANG_WARN_BLOCK_CAPTURE_AUTORELEASING = YES;
				CLANG_WARN_BOOL_CONVERSION = YES;
				CLANG_WARN_COMMA = YES;
				CLANG_WARN_CONSTANT_CONVERSION = YES;
				CLANG_WARN_DEPRECATED_OBJC_IMPLEMENTATIONS = YES;
				CLANG_WARN_DIRECT_OBJC_ISA_USAGE = YES_ERROR;
				CLANG_WARN_DOCUMENTATION_COMMENTS = YES;
				CLANG_WARN_EMPTY_BODY = YES;
				CLANG_WARN_ENUM_CONVERSION = YES;
				CLANG_WARN_INFINITE_RECURSION = YES;
				CLANG_WARN_INT_CONVERSION = YES;
				CLANG_WARN_NON_LITERAL_NULL_CONVERSION = YES;
				CLANG_WARN_OBJC_IMPLICIT_RETAIN_SELF = YES;
				CLANG_WARN_OBJC_LITERAL_CONVERSION = YES;
				CLANG_WARN_OBJC_ROOT_CLASS = YES_ERROR;
				CLANG_WARN_QUOTED_INCLUDE_IN_FRAMEWORK_HEADER = YES;
				CLANG_WARN_RANGE_LOOP_ANALYSIS = YES;
				CLANG_WARN_STRICT_PROTOTYPES = YES;
				CLANG_WARN_SUSPICIOUS_MOVE = YES;
				CLANG_WARN_UNGUARDED_AVAILABILITY = YES_AGGRESSIVE;
				CLANG_WARN_UNREACHABLE_CODE = YES;
				CLANG_WARN__DUPLICATE_METHOD_MATCH = YES;
				COPY_PHASE_STRIP = NO;
				DEBUG_INFORMATION_FORMAT = "dwarf-with-dsym";
				ENABLE_NS_ASSERTIONS = NO;
				ENABLE_STRICT_OBJC_MSGSEND = YES;
				ENABLE_USER_SCRIPT_SANDBOXING = YES;
				GCC_C_LANGUAGE_STANDARD = gnu17;
				GCC_NO_COMMON_BLOCKS = YES;
				GCC_WARN_64_TO_32_BIT_CONVERSION = YES;
				GCC_WARN_ABOUT_RETURN_TYPE = YES_ERROR;
				GCC_WARN_UNDECLARED_SELECTOR = YES;
				GCC_WARN_UNINITIALIZED_AUTOS = YES_AGGRESSIVE;
				GCC_WARN_UNUSED_FUNCTION = YES;
				GCC_WARN_UNUSED_VARIABLE = YES;
				IPHONEOS_DEPLOYMENT_TARGET = 18.2;
				LOCALIZATION_PREFERS_STRING_CATALOGS = YES;
				MTL_ENABLE_DEBUG_INFO = NO;
				MTL_FAST_MATH = YES;
				SDKROOT = iphoneos;
				SWIFT_COMPILATION_MODE = wholemodule;
				VALIDATE_PRODUCT = YES;
			};
			name = Release;
		};
		4E2D03F32D4DD2DE001E3C0C /* Debug */ = {
			isa = XCBuildConfiguration;
			buildSettings = {
				ASSETCATALOG_COMPILER_APPICON_NAME = AppIcon;
				ASSETCATALOG_COMPILER_GLOBAL_ACCENT_COLOR_NAME = AccentColor;
				CODE_SIGN_STYLE = Automatic;
				CURRENT_PROJECT_VERSION = 1;
				DEVELOPMENT_ASSET_PATHS = "\"GoldenCount/Preview Content\"";
				DEVELOPMENT_TEAM = F5W7PZRLJQ;
				ENABLE_PREVIEWS = YES;
				GENERATE_INFOPLIST_FILE = YES;
				INFOPLIST_KEY_UIApplicationSceneManifest_Generation = YES;
				INFOPLIST_KEY_UIApplicationSupportsIndirectInputEvents = YES;
				INFOPLIST_KEY_UILaunchScreen_Generation = YES;
				INFOPLIST_KEY_UISupportedInterfaceOrientations_iPad = "UIInterfaceOrientationPortrait UIInterfaceOrientationPortraitUpsideDown UIInterfaceOrientationLandscapeLeft UIInterfaceOrientationLandscapeRight";
				INFOPLIST_KEY_UISupportedInterfaceOrientations_iPhone = "UIInterfaceOrientationPortrait UIInterfaceOrientationLandscapeLeft UIInterfaceOrientationLandscapeRight";
				LD_RUNPATH_SEARCH_PATHS = (
					"$(inherited)",
					"@executable_path/Frameworks",
				);
				MARKETING_VERSION = 1.0;
				PRODUCT_BUNDLE_IDENTIFIER = com.muugiim.GoldenCount;
				PRODUCT_NAME = "$(TARGET_NAME)";
				SWIFT_EMIT_LOC_STRINGS = YES;
				SWIFT_VERSION = 5.0;
				TARGETED_DEVICE_FAMILY = "1,2";
			};
			name = Debug;
		};
		4E2D03F42D4DD2DE001E3C0C /* Release */ = {
			isa = XCBuildConfiguration;
			buildSettings = {
				ASSETCATALOG_COMPILER_APPICON_NAME = AppIcon;
				ASSETCATALOG_COMPILER_GLOBAL_ACCENT_COLOR_NAME = AccentColor;
				CODE_SIGN_STYLE = Automatic;
				CURRENT_PROJECT_VERSION = 1;
				DEVELOPMENT_ASSET_PATHS = "\"GoldenCount/Preview Content\"";
				DEVELOPMENT_TEAM = F5W7PZRLJQ;
				ENABLE_PREVIEWS = YES;
				GENERATE_INFOPLIST_FILE = YES;
				INFOPLIST_KEY_UIApplicationSceneManifest_Generation = YES;
				INFOPLIST_KEY_UIApplicationSupportsIndirectInputEvents = YES;
				INFOPLIST_KEY_UILaunchScreen_Generation = YES;
				INFOPLIST_KEY_UISupportedInterfaceOrientations_iPad = "UIInterfaceOrientationPortrait UIInterfaceOrientationPortraitUpsideDown UIInterfaceOrientationLandscapeLeft UIInterfaceOrientationLandscapeRight";
				INFOPLIST_KEY_UISupportedInterfaceOrientations_iPhone = "UIInterfaceOrientationPortrait UIInterfaceOrientationLandscapeLeft UIInterfaceOrientationLandscapeRight";
				LD_RUNPATH_SEARCH_PATHS = (
					"$(inherited)",
					"@executable_path/Frameworks",
				);
				MARKETING_VERSION = 1.0;
				PRODUCT_BUNDLE_IDENTIFIER = com.muugiim.GoldenCount;
				PRODUCT_NAME = "$(TARGET_NAME)";
				SWIFT_EMIT_LOC_STRINGS = YES;
				SWIFT_VERSION = 5.0;
				TARGETED_DEVICE_FAMILY = "1,2";
			};
			name = Release;
		};
		4E2D03F62D4DD2DE001E3C0C /* Debug */ = {
			isa = XCBuildConfiguration;
			buildSettings = {
				BUNDLE_LOADER = "$(TEST_HOST)";
				CODE_SIGN_STYLE = Automatic;
				CURRENT_PROJECT_VERSION = 1;
				DEVELOPMENT_TEAM = F5W7PZRLJQ;
				GENERATE_INFOPLIST_FILE = YES;
				IPHONEOS_DEPLOYMENT_TARGET = 18.2;
				MARKETING_VERSION = 1.0;
				PRODUCT_BUNDLE_IDENTIFIER = com.muugiim.GoldenCountTests;
				PRODUCT_NAME = "$(TARGET_NAME)";
				SWIFT_EMIT_LOC_STRINGS = NO;
				SWIFT_VERSION = 5.0;
				TARGETED_DEVICE_FAMILY = "1,2";
				TEST_HOST = "$(BUILT_PRODUCTS_DIR)/GoldenCount.app/$(BUNDLE_EXECUTABLE_FOLDER_PATH)/GoldenCount";
			};
			name = Debug;
		};
		4E2D03F72D4DD2DE001E3C0C /* Release */ = {
			isa = XCBuildConfiguration;
			buildSettings = {
				BUNDLE_LOADER = "$(TEST_HOST)";
				CODE_SIGN_STYLE = Automatic;
				CURRENT_PROJECT_VERSION = 1;
				DEVELOPMENT_TEAM = F5W7PZRLJQ;
				GENERATE_INFOPLIST_FILE = YES;
				IPHONEOS_DEPLOYMENT_TARGET = 18.2;
				MARKETING_VERSION = 1.0;
				PRODUCT_BUNDLE_IDENTIFIER = com.muugiim.GoldenCountTests;
				PRODUCT_NAME = "$(TARGET_NAME)";
				SWIFT_EMIT_LOC_STRINGS = NO;
				SWIFT_VERSION = 5.0;
				TARGETED_DEVICE_FAMILY = "1,2";
				TEST_HOST = "$(BUILT_PRODUCTS_DIR)/GoldenCount.app/$(BUNDLE_EXECUTABLE_FOLDER_PATH)/GoldenCount";
			};
			name = Release;
		};
		4E2D03F92D4DD2DE001E3C0C /* Debug */ = {
			isa = XCBuildConfiguration;
			buildSettings = {
				CODE_SIGN_STYLE = Automatic;
				CURRENT_PROJECT_VERSION = 1;
				DEVELOPMENT_TEAM = F5W7PZRLJQ;
				GENERATE_INFOPLIST_FILE = YES;
				MARKETING_VERSION = 1.0;
				PRODUCT_BUNDLE_IDENTIFIER = com.muugiim.GoldenCountUITests;
				PRODUCT_NAME = "$(TARGET_NAME)";
				SWIFT_EMIT_LOC_STRINGS = NO;
				SWIFT_VERSION = 5.0;
				TARGETED_DEVICE_FAMILY = "1,2";
				TEST_TARGET_NAME = GoldenCount;
			};
			name = Debug;
		};
		4E2D03FA2D4DD2DE001E3C0C /* Release */ = {
			isa = XCBuildConfiguration;
			buildSettings = {
				CODE_SIGN_STYLE = Automatic;
				CURRENT_PROJECT_VERSION = 1;
				DEVELOPMENT_TEAM = F5W7PZRLJQ;
				GENERATE_INFOPLIST_FILE = YES;
				MARKETING_VERSION = 1.0;
				PRODUCT_BUNDLE_IDENTIFIER = com.muugiim.GoldenCountUITests;
				PRODUCT_NAME = "$(TARGET_NAME)";
				SWIFT_EMIT_LOC_STRINGS = NO;
				SWIFT_VERSION = 5.0;
				TARGETED_DEVICE_FAMILY = "1,2";
				TEST_TARGET_NAME = GoldenCount;
			};
			name = Release;
		};
/* End XCBuildConfiguration section */

/* Begin XCConfigurationList section */
		4E2D03C42D4DD2DC001E3C0C /* Build configuration list for PBXProject "GoldenCount" */ = {
			isa = XCConfigurationList;
			buildConfigurations = (
				4E2D03F02D4DD2DE001E3C0C /* Debug */,
				4E2D03F12D4DD2DE001E3C0C /* Release */,
			);
			defaultConfigurationIsVisible = 0;
			defaultConfigurationName = Release;
		};
		4E2D03F22D4DD2DE001E3C0C /* Build configuration list for PBXNativeTarget "GoldenCount" */ = {
			isa = XCConfigurationList;
			buildConfigurations = (
				4E2D03F32D4DD2DE001E3C0C /* Debug */,
				4E2D03F42D4DD2DE001E3C0C /* Release */,
			);
			defaultConfigurationIsVisible = 0;
			defaultConfigurationName = Release;
		};
		4E2D03F52D4DD2DE001E3C0C /* Build configuration list for PBXNativeTarget "GoldenCountTests" */ = {
			isa = XCConfigurationList;
			buildConfigurations = (
				4E2D03F62D4DD2DE001E3C0C /* Debug */,
				4E2D03F72D4DD2DE001E3C0C /* Release */,
			);
			defaultConfigurationIsVisible = 0;
			defaultConfigurationName = Release;
		};
		4E2D03F82D4DD2DE001E3C0C /* Build configuration list for PBXNativeTarget "GoldenCountUITests" */ = {
			isa = XCConfigurationList;
			buildConfigurations = (
				4E2D03F92D4DD2DE001E3C0C /* Debug */,
				4E2D03FA2D4DD2DE001E3C0C /* Release */,
			);
			defaultConfigurationIsVisible = 0;
			defaultConfigurationName = Release;
		};
/* End XCConfigurationList section */
	};
	rootObject = 4E2D03C12D4DD2DC001E3C0C /* Project object */;
}
